// !$*UTF8*$!
{
	archiveVersion = 1;
	classes = {
	};
	objectVersion = 55;
	objects = {

/* Begin PBXBuildFile section */
		0211CAE5CD1AF208192516E6 /* AppCoordinator.swift in Sources */ = {isa = PBXBuildFile; fileRef = F83B311CA111F1AD6FFC8638 /* AppCoordinator.swift */; };
		21DE3DF7D91ED96099F17E42 /* AgoraCredentialsTests.swift in Sources */ = {isa = PBXBuildFile; fileRef = 7A195E37F5EAB7354E755E26 /* AgoraCredentialsTests.swift */; };
		260942E32952B5060022A50D /* LaunchScreen.storyboard in Resources */ = {isa = PBXBuildFile; fileRef = 260942E12952B5060022A50D /* LaunchScreen.storyboard */; };
		26485E5A299E57A000FE4CF9 /* Assets.xcassets in Resources */ = {isa = PBXBuildFile; fileRef = 260942DF2952B5060022A50D /* Assets.xcassets */; };
		391049D28460222518BFFB84 /* KaraokeError.swift in Sources */ = {isa = PBXBuildFile; fileRef = D84E75B760A36CE59684FE3D /* KaraokeError.swift */; };
		3ED927ABAB68B1E3DF0E6DA1 /* ProjectSmokeTests.swift in Sources */ = {isa = PBXBuildFile; fileRef = A55B0E77F611D56C1B35E198 /* ProjectSmokeTests.swift */; };
		528D076AE63BF09EE1218AA9 /* SceneDelegate.swift in Sources */ = {isa = PBXBuildFile; fileRef = 260942D82952B5050022A50D /* SceneDelegate.swift */; };
		58B5FA44D52EF25C14B26184 /* Pods_DemoTests.framework in Frameworks */ = {isa = PBXBuildFile; fileRef = 7D90E768D15AE9F235798F81 /* Pods_DemoTests.framework */; };
		7263BA29E24A08353DF1F879 /* AgoraKaraokeClient.swift in Sources */ = {isa = PBXBuildFile; fileRef = 981CB068F814CCB051558921 /* AgoraKaraokeClient.swift */; };
		7543349F84FCDA3572359FA3 /* CredentialsStoreTests.swift in Sources */ = {isa = PBXBuildFile; fileRef = F7D8B6F4CB47B33AD1EFC05D /* CredentialsStoreTests.swift */; };
		805257F0BD67E3778850464B /* CredentialsStore.swift in Sources */ = {isa = PBXBuildFile; fileRef = 2D234EEB36FAD4FEA0377A4E /* CredentialsStore.swift */; };
		81B4C196B2021CE8F398D1CE /* AppDelegate.swift in Sources */ = {isa = PBXBuildFile; fileRef = 260942D62952B5050022A50D /* AppDelegate.swift */; };
		84D13A5B0EBD3E450419E70C /* AgoraKaraokeClientMappingTests.swift in Sources */ = {isa = PBXBuildFile; fileRef = 11468EE5F22D966825EF1CDF /* AgoraKaraokeClientMappingTests.swift */; };
		86577893CA85CD744C1288F6 /* AgoraCredentials.swift in Sources */ = {isa = PBXBuildFile; fileRef = A60C69F39A1DB56670E147E7 /* AgoraCredentials.swift */; };
		8C399756C8609623828DC04F /* Song.swift in Sources */ = {isa = PBXBuildFile; fileRef = CA713812FA1CF9568ECE0379 /* Song.swift */; };
		97F4F184DACD400FD8D95F3B /* KaraokeSessionTests.swift in Sources */ = {isa = PBXBuildFile; fileRef = 7CC10078D1FB88C5DDC1CA89 /* KaraokeSessionTests.swift */; };
		97FEFF39D58C460667F05B69 /* TokenProvider.swift in Sources */ = {isa = PBXBuildFile; fileRef = BFEBEAE5CB6D3FE4965F8E7F /* TokenProvider.swift */; };
		B2B08E7F1D6D5CCFDCCB3C86 /* KaraokeSession.swift in Sources */ = {isa = PBXBuildFile; fileRef = D27B85C8464F331713B9F976 /* KaraokeSession.swift */; };
		CAE3D915117A5C3314098CEA /* Foundation.framework in Frameworks */ = {isa = PBXBuildFile; fileRef = 44F6E2C1FBF5AF0B2D431216 /* Foundation.framework */; };
		CFC13A04EEFDEB55EF1AE7BB /* SongCatalogTests.swift in Sources */ = {isa = PBXBuildFile; fileRef = 94952C2F3F32EB7E044DB63E /* SongCatalogTests.swift */; };
		D9EE9EF604DB8E39E8A0F77D /* KaraokeErrorTests.swift in Sources */ = {isa = PBXBuildFile; fileRef = DEBF75ACFC7DB49C66C59E9A /* KaraokeErrorTests.swift */; };
		E342253A569F078197028D33 /* TokenProviderTests.swift in Sources */ = {isa = PBXBuildFile; fileRef = 1EC93A1BB4D8C2B078F0A4B3 /* TokenProviderTests.swift */; };
		F88793560A341F9CBCF66020 /* Pods_Demo.framework in Frameworks */ = {isa = PBXBuildFile; fileRef = 474DFADEE3894C5A8A1B3BC4 /* Pods_Demo.framework */; };
/* End PBXBuildFile section */

/* Begin PBXContainerItemProxy section */
		DBEC6B912510E399F988E13F /* PBXContainerItemProxy */ = {
			isa = PBXContainerItemProxy;
			containerPortal = 260942CB2952B5040022A50D /* Project object */;
			proxyType = 1;
			remoteGlobalIDString = 260942D22952B5050022A50D;
			remoteInfo = Demo;
		};
/* End PBXContainerItemProxy section */

/* Begin PBXFileReference section */
		002FCFE18DF6D7C0BDE39F96 /* Pods-DemoTests.debug.xcconfig */ = {isa = PBXFileReference; includeInIndex = 1; lastKnownFileType = text.xcconfig; name = "Pods-DemoTests.debug.xcconfig"; path = "Target Support Files/Pods-DemoTests/Pods-DemoTests.debug.xcconfig"; sourceTree = "<group>"; };
		11468EE5F22D966825EF1CDF /* AgoraKaraokeClientMappingTests.swift */ = {isa = PBXFileReference; includeInIndex = 1; lastKnownFileType = sourcecode.swift; path = AgoraKaraokeClientMappingTests.swift; sourceTree = "<group>"; };
		1EC93A1BB4D8C2B078F0A4B3 /* TokenProviderTests.swift */ = {isa = PBXFileReference; includeInIndex = 1; lastKnownFileType = sourcecode.swift; path = TokenProviderTests.swift; sourceTree = "<group>"; };
		2602311A29C9D9E70036F74A /* AudienceVC.swift */ = {isa = PBXFileReference; lastKnownFileType = sourcecode.swift; path = AudienceVC.swift; sourceTree = "<group>"; };
		2602311D29C9DCDF0036F74A /* KTVView.swift */ = {isa = PBXFileReference; lastKnownFileType = sourcecode.swift; path = KTVView.swift; sourceTree = "<group>"; };
		2602311F29CAD3630036F74A /* HostVC.swift */ = {isa = PBXFileReference; lastKnownFileType = sourcecode.swift; path = HostVC.swift; sourceTree = "<group>"; };
		260942D32952B5050022A50D /* Demo.app */ = {isa = PBXFileReference; explicitFileType = wrapper.application; includeInIndex = 0; path = Demo.app; sourceTree = BUILT_PRODUCTS_DIR; };
		260942D62952B5050022A50D /* AppDelegate.swift */ = {isa = PBXFileReference; lastKnownFileType = sourcecode.swift; path = AppDelegate.swift; sourceTree = "<group>"; };
		260942D82952B5050022A50D /* SceneDelegate.swift */ = {isa = PBXFileReference; lastKnownFileType = sourcecode.swift; path = SceneDelegate.swift; sourceTree = "<group>"; };
		260942DA2952B5050022A50D /* ViewController.swift */ = {isa = PBXFileReference; lastKnownFileType = sourcecode.swift; path = ViewController.swift; sourceTree = "<group>"; };
		260942DD2952B5050022A50D /* Base */ = {isa = PBXFileReference; lastKnownFileType = file.storyboard; name = Base; path = Base.lproj/Main.storyboard; sourceTree = "<group>"; };
		260942DF2952B5060022A50D /* Assets.xcassets */ = {isa = PBXFileReference; lastKnownFileType = folder.assetcatalog; path = Assets.xcassets; sourceTree = "<group>"; };
		260942E22952B5060022A50D /* Base */ = {isa = PBXFileReference; lastKnownFileType = file.storyboard; name = Base; path = Base.lproj/LaunchScreen.storyboard; sourceTree = "<group>"; };
		260942E42952B5060022A50D /* Info.plist */ = {isa = PBXFileReference; lastKnownFileType = text.plist.xml; path = Info.plist; sourceTree = "<group>"; };
		260942EC2952BD4C0022A50D /* ViewTestVC.swift */ = {isa = PBXFileReference; lastKnownFileType = sourcecode.swift; path = ViewTestVC.swift; sourceTree = "<group>"; };
		260942FC295302370022A50D /* 745012.xml */ = {isa = PBXFileReference; fileEncoding = 4; lastKnownFileType = text.xml; path = 745012.xml; sourceTree = "<group>"; };
		2609430029530FCC0022A50D /* lrc.lrc */ = {isa = PBXFileReference; fileEncoding = 4; lastKnownFileType = text; path = lrc.lrc; sourceTree = "<group>"; };
		260A433F2985378B00C2DB5D /* 123602.xml */ = {isa = PBXFileReference; fileEncoding = 4; lastKnownFileType = text.xml; path = 123602.xml; sourceTree = "<group>"; };
		26105FE42966787A00712EDA /* EmitterVC.swift */ = {isa = PBXFileReference; lastKnownFileType = sourcecode.swift; path = EmitterVC.swift; sourceTree = "<group>"; };
		2643DDB729ACCB9600018224 /* ProfileVC.swift */ = {isa = PBXFileReference; lastKnownFileType = sourcecode.swift; path = ProfileVC.swift; sourceTree = "<group>"; };
		266717B92C100E7000C88D79 /* MccManagerEx.swift */ = {isa = PBXFileReference; fileEncoding = 4; lastKnownFileType = sourcecode.swift; path = MccManagerEx.swift; sourceTree = "<group>"; };
		266717BB2C100EB100C88D79 /* AccessProvider.swift */ = {isa = PBXFileReference; fileEncoding = 4; lastKnownFileType = sourcecode.swift; path = AccessProvider.swift; sourceTree = "<group>"; };
		266717BD2C100FF500C88D79 /* MainView.swift */ = {isa = PBXFileReference; fileEncoding = 4; lastKnownFileType = sourcecode.swift; path = MainView.swift; sourceTree = "<group>"; };
		266717C02C10103A00C88D79 /* MainTestVCEx.swift */ = {isa = PBXFileReference; fileEncoding = 4; lastKnownFileType = sourcecode.swift; path = MainTestVCEx.swift; sourceTree = "<group>"; };
		266717C12C10103A00C88D79 /* MainTestVCEx+Debug.swift */ = {isa = PBXFileReference; fileEncoding = 4; lastKnownFileType = sourcecode.swift; path = "MainTestVCEx+Debug.swift"; sourceTree = "<group>"; };
		266717C42C10119500C88D79 /* ProgressProvider.swift */ = {isa = PBXFileReference; fileEncoding = 4; lastKnownFileType = sourcecode.swift; path = ProgressProvider.swift; sourceTree = "<group>"; };
		2676917D2C1049BE00886DC8 /* MccManager.swift */ = {isa = PBXFileReference; lastKnownFileType = sourcecode.swift; path = MccManager.swift; sourceTree = "<group>"; };
		267691802C1056CE00886DC8 /* Extensions.swift */ = {isa = PBXFileReference; lastKnownFileType = sourcecode.swift; path = Extensions.swift; sourceTree = "<group>"; };
		2682B05A2954535E005285B9 /* FirstToneHintViewTestVC.swift */ = {isa = PBXFileReference; lastKnownFileType = sourcecode.swift; path = FirstToneHintViewTestVC.swift; sourceTree = "<group>"; };
		2689ED3D298654C90012BC4D /* IncentiveVC.swift */ = {isa = PBXFileReference; lastKnownFileType = sourcecode.swift; path = IncentiveVC.swift; sourceTree = "<group>"; };
		2689ED412987C8890012BC4D /* ParamSetVC.swift */ = {isa = PBXFileReference; lastKnownFileType = sourcecode.swift; path = ParamSetVC.swift; sourceTree = "<group>"; };
		2689ED432987CD2D0012BC4D /* MainTestVC.swift */ = {isa = PBXFileReference; lastKnownFileType = sourcecode.swift; path = MainTestVC.swift; sourceTree = "<group>"; };
		2689ED452988EA540012BC4D /* ParamSetVC+Info.swift */ = {isa = PBXFileReference; lastKnownFileType = sourcecode.swift; path = "ParamSetVC+Info.swift"; sourceTree = "<group>"; };
		2689ED472988FDE10012BC4D /* LyricLabelVC.swift */ = {isa = PBXFileReference; lastKnownFileType = sourcecode.swift; path = LyricLabelVC.swift; sourceTree = "<group>"; };
		269189BF2A8F749100F2B03C /* MiniSizeVC.swift */ = {isa = PBXFileReference; lastKnownFileType = sourcecode.swift; path = MiniSizeVC.swift; sourceTree = "<group>"; };
		26AC90A729ECE9D500AB6EC5 /* QiangChangVC.swift */ = {isa = PBXFileReference; lastKnownFileType = sourcecode.swift; path = QiangChangVC.swift; sourceTree = "<group>"; };
		26AC90AC29EE72A900AB6EC5 /* SongListVC.swift */ = {isa = PBXFileReference; fileEncoding = 4; lastKnownFileType = sourcecode.swift; path = SongListVC.swift; sourceTree = "<group>"; };
		26C5451F29555085009E0F37 /* NoLyricsTestVC.swift */ = {isa = PBXFileReference; lastKnownFileType = sourcecode.swift; path = NoLyricsTestVC.swift; sourceTree = "<group>"; };
		26C5452329557D25009E0F37 /* LyricsTestVC.swift */ = {isa = PBXFileReference; lastKnownFileType = sourcecode.swift; path = LyricsTestVC.swift; sourceTree = "<group>"; };
		26C5452729559918009E0F37 /* libc++.tbd */ = {isa = PBXFileReference; lastKnownFileType = "sourcecode.text-based-dylib-definition"; name = "libc++.tbd"; path = "usr/lib/libc++.tbd"; sourceTree = SDKROOT; };
		26C5452829559920009E0F37 /* libz.tbd */ = {isa = PBXFileReference; lastKnownFileType = "sourcecode.text-based-dylib-definition"; name = libz.tbd; path = usr/lib/libz.tbd; sourceTree = SDKROOT; };
		26C5452B2955B2FE009E0F37 /* Config.swift */ = {isa = PBXFileReference; lastKnownFileType = sourcecode.swift; path = Config.swift; sourceTree = "<group>"; };
		26C5452D2955B370009E0F37 /* AVPlayerTestVC.swift */ = {isa = PBXFileReference; lastKnownFileType = sourcecode.swift; path = AVPlayerTestVC.swift; sourceTree = "<group>"; };
		26C545312955B684009E0F37 /* music.mp3 */ = {isa = PBXFileReference; lastKnownFileType = audio.mp3; path = music.mp3; sourceTree = "<group>"; };
		26C545332955B6C2009E0F37 /* 105780.xml */ = {isa = PBXFileReference; fileEncoding = 4; lastKnownFileType = text.xml; path = 105780.xml; sourceTree = "<group>"; };
		26C762AC2C0F0DF9008560BC /* SelectedLyricVC.swift */ = {isa = PBXFileReference; fileEncoding = 4; lastKnownFileType = sourcecode.swift; path = SelectedLyricVC.swift; sourceTree = "<group>"; };
		26C762AD2C0F0DF9008560BC /* LyricsFileCheckView.swift */ = {isa = PBXFileReference; fileEncoding = 4; lastKnownFileType = sourcecode.swift; path = LyricsFileCheckView.swift; sourceTree = "<group>"; };
		26C762AE2C0F0DF9008560BC /* CheckLyricVC.swift */ = {isa = PBXFileReference; fileEncoding = 4; lastKnownFileType = sourcecode.swift; path = CheckLyricVC.swift; sourceTree = "<group>"; };
		26C762B02C0F0DF9008560BC /* Log.swift */ = {isa = PBXFileReference; fileEncoding = 4; lastKnownFileType = sourcecode.swift; path = Log.swift; sourceTree = "<group>"; };
		26D01F992977D7F500B9D31A /* ScoreAniVC.swift */ = {isa = PBXFileReference; lastKnownFileType = sourcecode.swift; path = ScoreAniVC.swift; sourceTree = "<group>"; };
		26E211FD2B2AF84800297136 /* DownloadVC.swift */ = {isa = PBXFileReference; lastKnownFileType = sourcecode.swift; path = DownloadVC.swift; sourceTree = "<group>"; };
		26E211FF2B2AF8AD00297136 /* DownloadView.swift */ = {isa = PBXFileReference; lastKnownFileType = sourcecode.swift; path = DownloadView.swift; sourceTree = "<group>"; };
		26E314462CCA2FFE00ABC389 /* LyricsCutter.swift */ = {isa = PBXFileReference; fileEncoding = 4; lastKnownFileType = sourcecode.swift; path = LyricsCutter.swift; sourceTree = "<group>"; };
		26E5BF7C2990D6B30051AF67 /* 235653.xml */ = {isa = PBXFileReference; fileEncoding = 4; lastKnownFileType = text.xml; path = 235653.xml; sourceTree = "<group>"; };
		26E5BF7E299245E10051AF67 /* SearchVC.swift */ = {isa = PBXFileReference; lastKnownFileType = sourcecode.swift; path = SearchVC.swift; sourceTree = "<group>"; };
		26E5BFBB29926F2D0051AF67 /* GCDTimer.swift */ = {isa = PBXFileReference; fileEncoding = 4; lastKnownFileType = sourcecode.swift; path = GCDTimer.swift; sourceTree = "<group>"; };
		26E8030C298BAF1A00DBF23F /* Demo-Bridging-Header.h */ = {isa = PBXFileReference; lastKnownFileType = sourcecode.c.h; path = "Demo-Bridging-Header.h"; sourceTree = "<group>"; };
		26E8030D298BAF1B00DBF23F /* OCVC.h */ = {isa = PBXFileReference; lastKnownFileType = sourcecode.c.h; path = OCVC.h; sourceTree = "<group>"; };
		26E8030E298BAF1B00DBF23F /* OCVC.m */ = {isa = PBXFileReference; lastKnownFileType = sourcecode.c.objc; path = OCVC.m; sourceTree = "<group>"; };
		26EAD6A62C118C2700D3C2CE /* SongSourceProvider.swift */ = {isa = PBXFileReference; lastKnownFileType = sourcecode.swift; path = SongSourceProvider.swift; sourceTree = "<group>"; };
		2D234EEB36FAD4FEA0377A4E /* CredentialsStore.swift */ = {isa = PBXFileReference; includeInIndex = 1; lastKnownFileType = sourcecode.swift; name = CredentialsStore.swift; path = Credentials/CredentialsStore.swift; sourceTree = "<group>"; };
		44F6E2C1FBF5AF0B2D431216 /* Foundation.framework */ = {isa = PBXFileReference; lastKnownFileType = wrapper.framework; name = Foundation.framework; path = Platforms/iPhoneOS.platform/Developer/SDKs/iPhoneOS26.0.sdk/System/Library/Frameworks/Foundation.framework; sourceTree = DEVELOPER_DIR; };
		474DFADEE3894C5A8A1B3BC4 /* Pods_Demo.framework */ = {isa = PBXFileReference; explicitFileType = wrapper.framework; includeInIndex = 0; path = Pods_Demo.framework; sourceTree = BUILT_PRODUCTS_DIR; };
		4C3D827176761E777289FD47 /* DemoTests.xctest */ = {isa = PBXFileReference; explicitFileType = wrapper.cfbundle; includeInIndex = 0; path = DemoTests.xctest; sourceTree = BUILT_PRODUCTS_DIR; };
		5C749CB052D07703F78DD01A /* Pods-DemoTests.release.xcconfig */ = {isa = PBXFileReference; includeInIndex = 1; lastKnownFileType = text.xcconfig; name = "Pods-DemoTests.release.xcconfig"; path = "Target Support Files/Pods-DemoTests/Pods-DemoTests.release.xcconfig"; sourceTree = "<group>"; };
		7A195E37F5EAB7354E755E26 /* AgoraCredentialsTests.swift */ = {isa = PBXFileReference; includeInIndex = 1; lastKnownFileType = sourcecode.swift; path = AgoraCredentialsTests.swift; sourceTree = "<group>"; };
		7CC10078D1FB88C5DDC1CA89 /* KaraokeSessionTests.swift */ = {isa = PBXFileReference; includeInIndex = 1; lastKnownFileType = sourcecode.swift; path = KaraokeSessionTests.swift; sourceTree = "<group>"; };
		7D90E768D15AE9F235798F81 /* Pods_DemoTests.framework */ = {isa = PBXFileReference; explicitFileType = wrapper.framework; includeInIndex = 0; path = Pods_DemoTests.framework; sourceTree = BUILT_PRODUCTS_DIR; };
		94952C2F3F32EB7E044DB63E /* SongCatalogTests.swift */ = {isa = PBXFileReference; includeInIndex = 1; lastKnownFileType = sourcecode.swift; path = SongCatalogTests.swift; sourceTree = "<group>"; };
		97B9305873CDD18897DEA957 /* Pods-Demo.debug.xcconfig */ = {isa = PBXFileReference; includeInIndex = 1; lastKnownFileType = text.xcconfig; name = "Pods-Demo.debug.xcconfig"; path = "Target Support Files/Pods-Demo/Pods-Demo.debug.xcconfig"; sourceTree = "<group>"; };
		981CB068F814CCB051558921 /* AgoraKaraokeClient.swift */ = {isa = PBXFileReference; includeInIndex = 1; lastKnownFileType = sourcecode.swift; name = AgoraKaraokeClient.swift; path = Session/AgoraKaraokeClient.swift; sourceTree = "<group>"; };
		A55B0E77F611D56C1B35E198 /* ProjectSmokeTests.swift */ = {isa = PBXFileReference; includeInIndex = 1; lastKnownFileType = sourcecode.swift; path = ProjectSmokeTests.swift; sourceTree = "<group>"; };
		A60C69F39A1DB56670E147E7 /* AgoraCredentials.swift */ = {isa = PBXFileReference; includeInIndex = 1; lastKnownFileType = sourcecode.swift; name = AgoraCredentials.swift; path = Credentials/AgoraCredentials.swift; sourceTree = "<group>"; };
		B11BABF3447B1F591F0171BB /* Pods-Demo.release.xcconfig */ = {isa = PBXFileReference; includeInIndex = 1; lastKnownFileType = text.xcconfig; name = "Pods-Demo.release.xcconfig"; path = "Target Support Files/Pods-Demo/Pods-Demo.release.xcconfig"; sourceTree = "<group>"; };
		BFEBEAE5CB6D3FE4965F8E7F /* TokenProvider.swift */ = {isa = PBXFileReference; includeInIndex = 1; lastKnownFileType = sourcecode.swift; name = TokenProvider.swift; path = Session/TokenProvider.swift; sourceTree = "<group>"; };
		CA713812FA1CF9568ECE0379 /* Song.swift */ = {isa = PBXFileReference; includeInIndex = 1; lastKnownFileType = sourcecode.swift; name = Song.swift; path = Songs/Song.swift; sourceTree = "<group>"; };
		D27B85C8464F331713B9F976 /* KaraokeSession.swift */ = {isa = PBXFileReference; includeInIndex = 1; lastKnownFileType = sourcecode.swift; name = KaraokeSession.swift; path = Session/KaraokeSession.swift; sourceTree = "<group>"; };
		D84E75B760A36CE59684FE3D /* KaraokeError.swift */ = {isa = PBXFileReference; includeInIndex = 1; lastKnownFileType = sourcecode.swift; name = KaraokeError.swift; path = Session/KaraokeError.swift; sourceTree = "<group>"; };
		DEBF75ACFC7DB49C66C59E9A /* KaraokeErrorTests.swift */ = {isa = PBXFileReference; includeInIndex = 1; lastKnownFileType = sourcecode.swift; path = KaraokeErrorTests.swift; sourceTree = "<group>"; };
		F7D8B6F4CB47B33AD1EFC05D /* CredentialsStoreTests.swift */ = {isa = PBXFileReference; includeInIndex = 1; lastKnownFileType = sourcecode.swift; path = CredentialsStoreTests.swift; sourceTree = "<group>"; };
		F83B311CA111F1AD6FFC8638 /* AppCoordinator.swift */ = {isa = PBXFileReference; includeInIndex = 1; lastKnownFileType = sourcecode.swift; path = AppCoordinator.swift; sourceTree = "<group>"; };
/* End PBXFileReference section */

/* Begin PBXFrameworksBuildPhase section */
		260942D02952B5050022A50D /* Frameworks */ = {
			isa = PBXFrameworksBuildPhase;
			buildActionMask = 2147483647;
			files = (
				F88793560A341F9CBCF66020 /* Pods_Demo.framework in Frameworks */,
			);
			runOnlyForDeploymentPostprocessing = 0;
		};
		DF1ACD53C0E78FAFC43802CA /* Frameworks */ = {
			isa = PBXFrameworksBuildPhase;
			buildActionMask = 2147483647;
			files = (
				CAE3D915117A5C3314098CEA /* Foundation.framework in Frameworks */,
				58B5FA44D52EF25C14B26184 /* Pods_DemoTests.framework in Frameworks */,
			);
			runOnlyForDeploymentPostprocessing = 0;
		};
/* End PBXFrameworksBuildPhase section */

/* Begin PBXGroup section */
		06F0A6A63C013F421339769D /* Pods */ = {
			isa = PBXGroup;
			children = (
				97B9305873CDD18897DEA957 /* Pods-Demo.debug.xcconfig */,
				B11BABF3447B1F591F0171BB /* Pods-Demo.release.xcconfig */,
				5C749CB052D07703F78DD01A /* Pods-DemoTests.release.xcconfig */,
				002FCFE18DF6D7C0BDE39F96 /* Pods-DemoTests.debug.xcconfig */,
			);
			path = Pods;
			sourceTree = "<group>";
		};
		260942CA2952B5040022A50D = {
			isa = PBXGroup;
			children = (
				260942D52952B5050022A50D /* Demo */,
				260942D42952B5050022A50D /* Products */,
				06F0A6A63C013F421339769D /* Pods */,
				71C0091C9A3C4A9E26233CC8 /* Frameworks */,
				46C4D7C95B5BA4D6CFDE5022 /* DemoTests */,
			);
			sourceTree = "<group>";
		};
		260942D42952B5050022A50D /* Products */ = {
			isa = PBXGroup;
			children = (
				260942D32952B5050022A50D /* Demo.app */,
				4C3D827176761E777289FD47 /* DemoTests.xctest */,
			);
			name = Products;
			sourceTree = "<group>";
		};
		260942D52952B5050022A50D /* Demo */ = {
			isa = PBXGroup;
			children = (
				26C762B62C0F0E4F008560BC /* View */,
				26C762B52C0F0E05008560BC /* VC */,
				2632A2CC299B73AD00C2A534 /* Other */,
				260942F92952FD410022A50D /* Resource */,
				260942D62952B5050022A50D /* AppDelegate.swift */,
				260942D82952B5050022A50D /* SceneDelegate.swift */,
				260942DA2952B5050022A50D /* ViewController.swift */,
				26C5452B2955B2FE009E0F37 /* Config.swift */,
				260942DC2952B5050022A50D /* Main.storyboard */,
				260942DF2952B5060022A50D /* Assets.xcassets */,
				260942E12952B5060022A50D /* LaunchScreen.storyboard */,
				260942E42952B5060022A50D /* Info.plist */,
				26E8030C298BAF1A00DBF23F /* Demo-Bridging-Header.h */,
				E6AA0B5DB807AEBC33EEBBEE /* App */,
			);
			path = Demo;
			sourceTree = "<group>";
		};
		260942F92952FD410022A50D /* Resource */ = {
			isa = PBXGroup;
			children = (
				26E5BF7C2990D6B30051AF67 /* 235653.xml */,
				260A433F2985378B00C2DB5D /* 123602.xml */,
				260942FC295302370022A50D /* 745012.xml */,
				2609430029530FCC0022A50D /* lrc.lrc */,
				26C545332955B6C2009E0F37 /* 105780.xml */,
				26C545312955B684009E0F37 /* music.mp3 */,
			);
			path = Resource;
			sourceTree = "<group>";
		};
		2632A2CC299B73AD00C2A534 /* Other */ = {
			isa = PBXGroup;
			children = (
				266717C62C1013A800C88D79 /* Utils */,
				26C762AF2C0F0DF9008560BC /* Log */,
				267691802C1056CE00886DC8 /* Extensions.swift */,
			);
			path = Other;
			sourceTree = "<group>";
		};
		266717BF2C10102A00C88D79 /* MainVCEx */ = {
			isa = PBXGroup;
			children = (
				266717C02C10103A00C88D79 /* MainTestVCEx.swift */,
				266717C12C10103A00C88D79 /* MainTestVCEx+Debug.swift */,
			);
			path = MainVCEx;
			sourceTree = "<group>";
		};
		266717C62C1013A800C88D79 /* Utils */ = {
			isa = PBXGroup;
			children = (
				266717C42C10119500C88D79 /* ProgressProvider.swift */,
				266717BB2C100EB100C88D79 /* AccessProvider.swift */,
				266717B92C100E7000C88D79 /* MccManagerEx.swift */,
				26E314462CCA2FFE00ABC389 /* LyricsCutter.swift */,
				2676917D2C1049BE00886DC8 /* MccManager.swift */,
				26EAD6A62C118C2700D3C2CE /* SongSourceProvider.swift */,
			);
			path = Utils;
			sourceTree = "<group>";
		};
		2676917F2C1055F500886DC8 /* MainVC */ = {
			isa = PBXGroup;
			children = (
				2689ED432987CD2D0012BC4D /* MainTestVC.swift */,
			);
			path = MainVC;
			sourceTree = "<group>";
		};
		26C762AB2C0F0DF9008560BC /* CheckLyric */ = {
			isa = PBXGroup;
			children = (
				26C762AC2C0F0DF9008560BC /* SelectedLyricVC.swift */,
				26C762AE2C0F0DF9008560BC /* CheckLyricVC.swift */,
			);
			path = CheckLyric;
			sourceTree = "<group>";
		};
		26C762AF2C0F0DF9008560BC /* Log */ = {
			isa = PBXGroup;
			children = (
				26C762B02C0F0DF9008560BC /* Log.swift */,
			);
			path = Log;
			sourceTree = "<group>";
		};
		26C762B52C0F0E05008560BC /* VC */ = {
			isa = PBXGroup;
			children = (
				2676917F2C1055F500886DC8 /* MainVC */,
				266717BF2C10102A00C88D79 /* MainVCEx */,
				26C762B72C0F0E7C008560BC /* ParamVC */,
				26C762AB2C0F0DF9008560BC /* CheckLyric */,
				260942EC2952BD4C0022A50D /* ViewTestVC.swift */,
				26E5BF7E299245E10051AF67 /* SearchVC.swift */,
				2682B05A2954535E005285B9 /* FirstToneHintViewTestVC.swift */,
				26C5451F29555085009E0F37 /* NoLyricsTestVC.swift */,
				26C5452329557D25009E0F37 /* LyricsTestVC.swift */,
				26C5452D2955B370009E0F37 /* AVPlayerTestVC.swift */,
				26105FE42966787A00712EDA /* EmitterVC.swift */,
				26D01F992977D7F500B9D31A /* ScoreAniVC.swift */,
				2689ED3D298654C90012BC4D /* IncentiveVC.swift */,
				2689ED472988FDE10012BC4D /* LyricLabelVC.swift */,
				2643DDB729ACCB9600018224 /* ProfileVC.swift */,
				26E5BFBB29926F2D0051AF67 /* GCDTimer.swift */,
				2602311A29C9D9E70036F74A /* AudienceVC.swift */,
				2602311F29CAD3630036F74A /* HostVC.swift */,
				26AC90A729ECE9D500AB6EC5 /* QiangChangVC.swift */,
				26AC90AC29EE72A900AB6EC5 /* SongListVC.swift */,
				26E8030D298BAF1B00DBF23F /* OCVC.h */,
				26E8030E298BAF1B00DBF23F /* OCVC.m */,
				269189BF2A8F749100F2B03C /* MiniSizeVC.swift */,
				26E211FD2B2AF84800297136 /* DownloadVC.swift */,
			);
			path = VC;
			sourceTree = "<group>";
		};
		26C762B62C0F0E4F008560BC /* View */ = {
			isa = PBXGroup;
			children = (
				26C762AD2C0F0DF9008560BC /* LyricsFileCheckView.swift */,
				2602311D29C9DCDF0036F74A /* KTVView.swift */,
				26E211FF2B2AF8AD00297136 /* DownloadView.swift */,
				266717BD2C100FF500C88D79 /* MainView.swift */,
			);
			path = View;
			sourceTree = "<group>";
		};
		26C762B72C0F0E7C008560BC /* ParamVC */ = {
			isa = PBXGroup;
			children = (
				2689ED452988EA540012BC4D /* ParamSetVC+Info.swift */,
				2689ED412987C8890012BC4D /* ParamSetVC.swift */,
			);
			path = ParamVC;
			sourceTree = "<group>";
		};
		46C4D7C95B5BA4D6CFDE5022 /* DemoTests */ = {
			isa = PBXGroup;
			children = (
				A55B0E77F611D56C1B35E198 /* ProjectSmokeTests.swift */,
				7A195E37F5EAB7354E755E26 /* AgoraCredentialsTests.swift */,
				94952C2F3F32EB7E044DB63E /* SongCatalogTests.swift */,
				F7D8B6F4CB47B33AD1EFC05D /* CredentialsStoreTests.swift */,
				1EC93A1BB4D8C2B078F0A4B3 /* TokenProviderTests.swift */,
				DEBF75ACFC7DB49C66C59E9A /* KaraokeErrorTests.swift */,
				7CC10078D1FB88C5DDC1CA89 /* KaraokeSessionTests.swift */,
				11468EE5F22D966825EF1CDF /* AgoraKaraokeClientMappingTests.swift */,
			);
			name = DemoTests;
			path = DemoTests;
			sourceTree = "<group>";
		};
		71C0091C9A3C4A9E26233CC8 /* Frameworks */ = {
			isa = PBXGroup;
			children = (
				26C5452829559920009E0F37 /* libz.tbd */,
				26C5452729559918009E0F37 /* libc++.tbd */,
				474DFADEE3894C5A8A1B3BC4 /* Pods_Demo.framework */,
				99B4C51956BF50A9A169C78A /* iOS */,
				7D90E768D15AE9F235798F81 /* Pods_DemoTests.framework */,
			);
			name = Frameworks;
			sourceTree = "<group>";
		};
		99B4C51956BF50A9A169C78A /* iOS */ = {
			isa = PBXGroup;
			children = (
				44F6E2C1FBF5AF0B2D431216 /* Foundation.framework */,
			);
			name = iOS;
			sourceTree = "<group>";
		};
		E6AA0B5DB807AEBC33EEBBEE /* App */ = {
			isa = PBXGroup;
			children = (
				F83B311CA111F1AD6FFC8638 /* AppCoordinator.swift */,
				A60C69F39A1DB56670E147E7 /* AgoraCredentials.swift */,
				CA713812FA1CF9568ECE0379 /* Song.swift */,
				2D234EEB36FAD4FEA0377A4E /* CredentialsStore.swift */,
				BFEBEAE5CB6D3FE4965F8E7F /* TokenProvider.swift */,
				D84E75B760A36CE59684FE3D /* KaraokeError.swift */,
				D27B85C8464F331713B9F976 /* KaraokeSession.swift */,
				981CB068F814CCB051558921 /* AgoraKaraokeClient.swift */,
			);
			name = App;
			path = App;
			sourceTree = "<group>";
		};
/* End PBXGroup section */

/* Begin PBXNativeTarget section */
		197B9AC76028C5B6F6F027BE /* DemoTests */ = {
			isa = PBXNativeTarget;
			buildConfigurationList = 4185FEEE47BE3EEA1D428D38 /* Build configuration list for PBXNativeTarget "DemoTests" */;
			buildPhases = (
				E3AC186A08F7E4F3895A2DC7 /* [CP] Check Pods Manifest.lock */,
				AE2940E1B64B109E0A75CAFD /* Sources */,
				DF1ACD53C0E78FAFC43802CA /* Frameworks */,
				3AD302578A3953478E2CD1AD /* Resources */,
			);
			buildRules = (
			);
			dependencies = (
				BBBC01806AD11354F762D5C1 /* PBXTargetDependency */,
			);
			name = DemoTests;
			productName = DemoTests;
			productReference = 4C3D827176761E777289FD47 /* DemoTests.xctest */;
			productType = "com.apple.product-type.bundle.unit-test";
		};
		260942D22952B5050022A50D /* Demo */ = {
			isa = PBXNativeTarget;
			buildConfigurationList = 260942E72952B5060022A50D /* Build configuration list for PBXNativeTarget "Demo" */;
			buildPhases = (
				44D82870EE5AADE8177188F3 /* [CP] Check Pods Manifest.lock */,
				260942CF2952B5050022A50D /* Sources */,
				260942D02952B5050022A50D /* Frameworks */,
				260942D12952B5050022A50D /* Resources */,
				BCFD3A9BA7ADAC4CA2CE70F9 /* [CP] Embed Pods Frameworks */,
			);
			buildRules = (
			);
			dependencies = (
			);
			name = Demo;
			productName = Demo;
			productReference = 260942D32952B5050022A50D /* Demo.app */;
			productType = "com.apple.product-type.application";
		};
/* End PBXNativeTarget section */

/* Begin PBXProject section */
		260942CB2952B5040022A50D /* Project object */ = {
			isa = PBXProject;
			attributes = {
				BuildIndependentTargetsInParallel = 1;
				LastSwiftUpdateCheck = 1340;
				LastUpgradeCheck = 1340;
				TargetAttributes = {
					260942D22952B5050022A50D = {
						CreatedOnToolsVersion = 13.4.1;
						LastSwiftMigration = 1340;
					};
				};
			};
			buildConfigurationList = 260942CE2952B5040022A50D /* Build configuration list for PBXProject "Demo" */;
			compatibilityVersion = "Xcode 13.0";
			developmentRegion = en;
			hasScannedForEncodings = 0;
			knownRegions = (
				en,
				Base,
			);
			mainGroup = 260942CA2952B5040022A50D;
			productRefGroup = 260942D42952B5050022A50D /* Products */;
			projectDirPath = "";
			projectRoot = "";
			targets = (
				260942D22952B5050022A50D /* Demo */,
				197B9AC76028C5B6F6F027BE /* DemoTests */,
			);
		};
/* End PBXProject section */

/* Begin PBXResourcesBuildPhase section */
		260942D12952B5050022A50D /* Resources */ = {
			isa = PBXResourcesBuildPhase;
			buildActionMask = 2147483647;
			files = (
				260942E32952B5060022A50D /* LaunchScreen.storyboard in Resources */,
				26485E5A299E57A000FE4CF9 /* Assets.xcassets in Resources */,
			);
			runOnlyForDeploymentPostprocessing = 0;
		};
		3AD302578A3953478E2CD1AD /* Resources */ = {
			isa = PBXResourcesBuildPhase;
			buildActionMask = 2147483647;
			files = (
			);
			runOnlyForDeploymentPostprocessing = 0;
		};
/* End PBXResourcesBuildPhase section */

/* Begin PBXShellScriptBuildPhase section */
		44D82870EE5AADE8177188F3 /* [CP] Check Pods Manifest.lock */ = {
			isa = PBXShellScriptBuildPhase;
			buildActionMask = 2147483647;
			files = (
			);
			inputFileListPaths = (
			);
			inputPaths = (
				"${PODS_PODFILE_DIR_PATH}/Podfile.lock",
				"${PODS_ROOT}/Manifest.lock",
			);
			name = "[CP] Check Pods Manifest.lock";
			outputFileListPaths = (
			);
			outputPaths = (
				"$(DERIVED_FILE_DIR)/Pods-Demo-checkManifestLockResult.txt",
			);
			runOnlyForDeploymentPostprocessing = 0;
			shellPath = /bin/sh;
			shellScript = "diff \"${PODS_PODFILE_DIR_PATH}/Podfile.lock\" \"${PODS_ROOT}/Manifest.lock\" > /dev/null\nif [ $? != 0 ] ; then\n    # print error to STDERR\n    echo \"error: The sandbox is not in sync with the Podfile.lock. Run 'pod install' or update your CocoaPods installation.\" >&2\n    exit 1\nfi\n# This output is used by Xcode 'outputs' to avoid re-running this script phase.\necho \"SUCCESS\" > \"${SCRIPT_OUTPUT_FILE_0}\"\n";
			showEnvVarsInLog = 0;
		};
		BCFD3A9BA7ADAC4CA2CE70F9 /* [CP] Embed Pods Frameworks */ = {
			isa = PBXShellScriptBuildPhase;
			buildActionMask = 2147483647;
			files = (
			);
			inputFileListPaths = (
				"${PODS_ROOT}/Target Support Files/Pods-Demo/Pods-Demo-frameworks-${CONFIGURATION}-input-files.xcfilelist",
			);
			name = "[CP] Embed Pods Frameworks";
			outputFileListPaths = (
				"${PODS_ROOT}/Target Support Files/Pods-Demo/Pods-Demo-frameworks-${CONFIGURATION}-output-files.xcfilelist",
			);
			runOnlyForDeploymentPostprocessing = 0;
			shellPath = /bin/sh;
			shellScript = "\"${PODS_ROOT}/Target Support Files/Pods-Demo/Pods-Demo-frameworks.sh\"\n";
			showEnvVarsInLog = 0;
		};
		E3AC186A08F7E4F3895A2DC7 /* [CP] Check Pods Manifest.lock */ = {
			isa = PBXShellScriptBuildPhase;
			buildActionMask = 2147483647;
			files = (
			);
			inputFileListPaths = (
			);
			inputPaths = (
				"${PODS_PODFILE_DIR_PATH}/Podfile.lock",
				"${PODS_ROOT}/Manifest.lock",
			);
			name = "[CP] Check Pods Manifest.lock";
			outputFileListPaths = (
			);
			outputPaths = (
				"$(DERIVED_FILE_DIR)/Pods-DemoTests-checkManifestLockResult.txt",
			);
			runOnlyForDeploymentPostprocessing = 0;
			shellPath = /bin/sh;
			shellScript = "diff \"${PODS_PODFILE_DIR_PATH}/Podfile.lock\" \"${PODS_ROOT}/Manifest.lock\" > /dev/null\nif [ $? != 0 ] ; then\n    # print error to STDERR\n    echo \"error: The sandbox is not in sync with the Podfile.lock. Run 'pod install' or update your CocoaPods installation.\" >&2\n    exit 1\nfi\n# This output is used by Xcode 'outputs' to avoid re-running this script phase.\necho \"SUCCESS\" > \"${SCRIPT_OUTPUT_FILE_0}\"\n";
			showEnvVarsInLog = 0;
		};
/* End PBXShellScriptBuildPhase section */

/* Begin PBXSourcesBuildPhase section */
		260942CF2952B5050022A50D /* Sources */ = {
			isa = PBXSourcesBuildPhase;
			buildActionMask = 2147483647;
			files = (
				81B4C196B2021CE8F398D1CE /* AppDelegate.swift in Sources */,
				528D076AE63BF09EE1218AA9 /* SceneDelegate.swift in Sources */,
				0211CAE5CD1AF208192516E6 /* AppCoordinator.swift in Sources */,
				86577893CA85CD744C1288F6 /* AgoraCredentials.swift in Sources */,
				805257F0BD67E3778850464B /* CredentialsStore.swift in Sources */,
				7263BA29E24A08353DF1F879 /* AgoraKaraokeClient.swift in Sources */,
				391049D28460222518BFFB84 /* KaraokeError.swift in Sources */,
				B2B08E7F1D6D5CCFDCCB3C86 /* KaraokeSession.swift in Sources */,
				97FEFF39D58C460667F05B69 /* TokenProvider.swift in Sources */,
				8C399756C8609623828DC04F /* Song.swift in Sources */,
			);
			runOnlyForDeploymentPostprocessing = 0;
		};
		AE2940E1B64B109E0A75CAFD /* Sources */ = {
			isa = PBXSourcesBuildPhase;
			buildActionMask = 2147483647;
			files = (
				21DE3DF7D91ED96099F17E42 /* AgoraCredentialsTests.swift in Sources */,
				84D13A5B0EBD3E450419E70C /* AgoraKaraokeClientMappingTests.swift in Sources */,
				7543349F84FCDA3572359FA3 /* CredentialsStoreTests.swift in Sources */,
				D9EE9EF604DB8E39E8A0F77D /* KaraokeErrorTests.swift in Sources */,
				97F4F184DACD400FD8D95F3B /* KaraokeSessionTests.swift in Sources */,
				3ED927ABAB68B1E3DF0E6DA1 /* ProjectSmokeTests.swift in Sources */,
				CFC13A04EEFDEB55EF1AE7BB /* SongCatalogTests.swift in Sources */,
				E342253A569F078197028D33 /* TokenProviderTests.swift in Sources */,
			);
			runOnlyForDeploymentPostprocessing = 0;
		};
/* End PBXSourcesBuildPhase section */

/* Begin PBXTargetDependency section */
		BBBC01806AD11354F762D5C1 /* PBXTargetDependency */ = {
			isa = PBXTargetDependency;
			name = Demo;
			target = 260942D22952B5050022A50D /* Demo */;
			targetProxy = DBEC6B912510E399F988E13F /* PBXContainerItemProxy */;
		};
/* End PBXTargetDependency section */

/* Begin PBXVariantGroup section */
		260942DC2952B5050022A50D /* Main.storyboard */ = {
			isa = PBXVariantGroup;
			children = (
				260942DD2952B5050022A50D /* Base */,
			);
			name = Main.storyboard;
			sourceTree = "<group>";
		};
		260942E12952B5060022A50D /* LaunchScreen.storyboard */ = {
			isa = PBXVariantGroup;
			children = (
				260942E22952B5060022A50D /* Base */,
			);
			name = LaunchScreen.storyboard;
			sourceTree = "<group>";
		};
/* End PBXVariantGroup section */

/* Begin XCBuildConfiguration section */
		260942E52952B5060022A50D /* Debug */ = {
			isa = XCBuildConfiguration;
			buildSettings = {
				ALWAYS_SEARCH_USER_PATHS = NO;
				CLANG_ANALYZER_NONNULL = YES;
				CLANG_ANALYZER_NUMBER_OBJECT_CONVERSION = YES_AGGRESSIVE;
				CLANG_CXX_LANGUAGE_STANDARD = "gnu++17";
				CLANG_ENABLE_MODULES = YES;
				CLANG_ENABLE_OBJC_ARC = YES;
				CLANG_ENABLE_OBJC_WEAK = YES;
				CLANG_WARN_BLOCK_CAPTURE_AUTORELEASING = YES;
				CLANG_WARN_BOOL_CONVERSION = YES;
				CLANG_WARN_COMMA = YES;
				CLANG_WARN_CONSTANT_CONVERSION = YES;
				CLANG_WARN_DEPRECATED_OBJC_IMPLEMENTATIONS = YES;
				CLANG_WARN_DIRECT_OBJC_ISA_USAGE = YES_ERROR;
				CLANG_WARN_DOCUMENTATION_COMMENTS = YES;
				CLANG_WARN_EMPTY_BODY = YES;
				CLANG_WARN_ENUM_CONVERSION = YES;
				CLANG_WARN_INFINITE_RECURSION = YES;
				CLANG_WARN_INT_CONVERSION = YES;
				CLANG_WARN_NON_LITERAL_NULL_CONVERSION = YES;
				CLANG_WARN_OBJC_IMPLICIT_RETAIN_SELF = YES;
				CLANG_WARN_OBJC_LITERAL_CONVERSION = YES;
				CLANG_WARN_OBJC_ROOT_CLASS = YES_ERROR;
				CLANG_WARN_QUOTED_INCLUDE_IN_FRAMEWORK_HEADER = YES;
				CLANG_WARN_RANGE_LOOP_ANALYSIS = YES;
				CLANG_WARN_STRICT_PROTOTYPES = YES;
				CLANG_WARN_SUSPICIOUS_MOVE = YES;
				CLANG_WARN_UNGUARDED_AVAILABILITY = YES_AGGRESSIVE;
				CLANG_WARN_UNREACHABLE_CODE = YES;
				CLANG_WARN__DUPLICATE_METHOD_MATCH = YES;
				COPY_PHASE_STRIP = NO;
				DEBUG_INFORMATION_FORMAT = "dwarf-with-dsym";
				ENABLE_STRICT_OBJC_MSGSEND = YES;
				ENABLE_TESTABILITY = YES;
				GCC_C_LANGUAGE_STANDARD = gnu11;
				GCC_DYNAMIC_NO_PIC = NO;
				GCC_NO_COMMON_BLOCKS = YES;
				GCC_OPTIMIZATION_LEVEL = 0;
				GCC_PREPROCESSOR_DEFINITIONS = (
					"DEBUG=1",
					"$(inherited)",
				);
				GCC_WARN_64_TO_32_BIT_CONVERSION = YES;
				GCC_WARN_ABOUT_RETURN_TYPE = YES_ERROR;
				GCC_WARN_UNDECLARED_SELECTOR = YES;
				GCC_WARN_UNINITIALIZED_AUTOS = YES_AGGRESSIVE;
				GCC_WARN_UNUSED_FUNCTION = YES;
				GCC_WARN_UNUSED_VARIABLE = YES;
				IPHONEOS_DEPLOYMENT_TARGET = 15.5;
				MTL_ENABLE_DEBUG_INFO = INCLUDE_SOURCE;
				MTL_FAST_MATH = YES;
				ONLY_ACTIVE_ARCH = YES;
				SDKROOT = iphoneos;
				SWIFT_ACTIVE_COMPILATION_CONDITIONS = DEBUG;
				SWIFT_OPTIMIZATION_LEVEL = "-Onone";
			};
			name = Debug;
		};
		260942E62952B5060022A50D /* Release */ = {
			isa = XCBuildConfiguration;
			buildSettings = {
				ALWAYS_SEARCH_USER_PATHS = NO;
				CLANG_ANALYZER_NONNULL = YES;
				CLANG_ANALYZER_NUMBER_OBJECT_CONVERSION = YES_AGGRESSIVE;
				CLANG_CXX_LANGUAGE_STANDARD = "gnu++17";
				CLANG_ENABLE_MODULES = YES;
				CLANG_ENABLE_OBJC_ARC = YES;
				CLANG_ENABLE_OBJC_WEAK = YES;
				CLANG_WARN_BLOCK_CAPTURE_AUTORELEASING = YES;
				CLANG_WARN_BOOL_CONVERSION = YES;
				CLANG_WARN_COMMA = YES;
				CLANG_WARN_CONSTANT_CONVERSION = YES;
				CLANG_WARN_DEPRECATED_OBJC_IMPLEMENTATIONS = YES;
				CLANG_WARN_DIRECT_OBJC_ISA_USAGE = YES_ERROR;
				CLANG_WARN_DOCUMENTATION_COMMENTS = YES;
				CLANG_WARN_EMPTY_BODY = YES;
				CLANG_WARN_ENUM_CONVERSION = YES;
				CLANG_WARN_INFINITE_RECURSION = YES;
				CLANG_WARN_INT_CONVERSION = YES;
				CLANG_WARN_NON_LITERAL_NULL_CONVERSION = YES;
				CLANG_WARN_OBJC_IMPLICIT_RETAIN_SELF = YES;
				CLANG_WARN_OBJC_LITERAL_CONVERSION = YES;
				CLANG_WARN_OBJC_ROOT_CLASS = YES_ERROR;
				CLANG_WARN_QUOTED_INCLUDE_IN_FRAMEWORK_HEADER = YES;
				CLANG_WARN_RANGE_LOOP_ANALYSIS = YES;
				CLANG_WARN_STRICT_PROTOTYPES = YES;
				CLANG_WARN_SUSPICIOUS_MOVE = YES;
				CLANG_WARN_UNGUARDED_AVAILABILITY = YES_AGGRESSIVE;
				CLANG_WARN_UNREACHABLE_CODE = YES;
				CLANG_WARN__DUPLICATE_METHOD_MATCH = YES;
				COPY_PHASE_STRIP = NO;
				DEBUG_INFORMATION_FORMAT = "dwarf-with-dsym";
				ENABLE_NS_ASSERTIONS = NO;
				ENABLE_STRICT_OBJC_MSGSEND = YES;
				GCC_C_LANGUAGE_STANDARD = gnu11;
				GCC_NO_COMMON_BLOCKS = YES;
				GCC_WARN_64_TO_32_BIT_CONVERSION = YES;
				GCC_WARN_ABOUT_RETURN_TYPE = YES_ERROR;
				GCC_WARN_UNDECLARED_SELECTOR = YES;
				GCC_WARN_UNINITIALIZED_AUTOS = YES_AGGRESSIVE;
				GCC_WARN_UNUSED_FUNCTION = YES;
				GCC_WARN_UNUSED_VARIABLE = YES;
				IPHONEOS_DEPLOYMENT_TARGET = 15.5;
				MTL_ENABLE_DEBUG_INFO = NO;
				MTL_FAST_MATH = YES;
				SDKROOT = iphoneos;
				SWIFT_COMPILATION_MODE = wholemodule;
				SWIFT_OPTIMIZATION_LEVEL = "-O";
				VALIDATE_PRODUCT = YES;
			};
			name = Release;
		};
		260942E82952B5060022A50D /* Debug */ = {
			isa = XCBuildConfiguration;
			baseConfigurationReference = 97B9305873CDD18897DEA957 /* Pods-Demo.debug.xcconfig */;
			buildSettings = {
				ASSETCATALOG_COMPILER_APPICON_NAME = AppIcon;
				ASSETCATALOG_COMPILER_GLOBAL_ACCENT_COLOR_NAME = AccentColor;
				CLANG_ENABLE_MODULES = YES;
				CODE_SIGN_STYLE = Automatic;
				CURRENT_PROJECT_VERSION = 5;
				ENABLE_BITCODE = NO;
				GENERATE_INFOPLIST_FILE = YES;
				INFOPLIST_FILE = Demo/Info.plist;
				INFOPLIST_KEY_NSMicrophoneUsageDescription = "需要使用麦克风检测演唱音高并计算得分。";
				INFOPLIST_KEY_UIApplicationSupportsIndirectInputEvents = YES;
				INFOPLIST_KEY_UILaunchStoryboardName = LaunchScreen;
				INFOPLIST_KEY_UISupportedInterfaceOrientations_iPad = "UIInterfaceOrientationPortrait UIInterfaceOrientationPortraitUpsideDown UIInterfaceOrientationLandscapeLeft UIInterfaceOrientationLandscapeRight";
				INFOPLIST_KEY_UISupportedInterfaceOrientations_iPhone = UIInterfaceOrientationPortrait;
				IPHONEOS_DEPLOYMENT_TARGET = 13.0;
				LD_RUNPATH_SEARCH_PATHS = (
					"$(inherited)",
					"@executable_path/Frameworks",
				);
				MARKETING_VERSION = 2.1.0;
				PRODUCT_BUNDLE_IDENTIFIER = io.agora.KLyricsDemo;
				PRODUCT_NAME = "$(TARGET_NAME)";
				SWIFT_EMIT_LOC_STRINGS = YES;
				SWIFT_OPTIMIZATION_LEVEL = "-Onone";
				SWIFT_VERSION = 5.0;
				TARGETED_DEVICE_FAMILY = 1;
			};
			name = Debug;
		};
		260942E92952B5060022A50D /* Release */ = {
			isa = XCBuildConfiguration;
			baseConfigurationReference = B11BABF3447B1F591F0171BB /* Pods-Demo.release.xcconfig */;
			buildSettings = {
				ASSETCATALOG_COMPILER_APPICON_NAME = AppIcon;
				ASSETCATALOG_COMPILER_GLOBAL_ACCENT_COLOR_NAME = AccentColor;
				CLANG_ENABLE_MODULES = YES;
				CODE_SIGN_STYLE = Automatic;
				CURRENT_PROJECT_VERSION = 5;
				ENABLE_BITCODE = NO;
				GENERATE_INFOPLIST_FILE = YES;
				INFOPLIST_FILE = Demo/Info.plist;
				INFOPLIST_KEY_NSMicrophoneUsageDescription = "需要使用麦克风检测演唱音高并计算得分。";
				INFOPLIST_KEY_UIApplicationSupportsIndirectInputEvents = YES;
				INFOPLIST_KEY_UILaunchStoryboardName = LaunchScreen;
				INFOPLIST_KEY_UISupportedInterfaceOrientations_iPad = "UIInterfaceOrientationPortrait UIInterfaceOrientationPortraitUpsideDown UIInterfaceOrientationLandscapeLeft UIInterfaceOrientationLandscapeRight";
				INFOPLIST_KEY_UISupportedInterfaceOrientations_iPhone = UIInterfaceOrientationPortrait;
				IPHONEOS_DEPLOYMENT_TARGET = 13.0;
				LD_RUNPATH_SEARCH_PATHS = (
					"$(inherited)",
					"@executable_path/Frameworks",
				);
				MARKETING_VERSION = 2.1.0;
				PRODUCT_BUNDLE_IDENTIFIER = io.agora.KLyricsDemo;
				PRODUCT_NAME = "$(TARGET_NAME)";
				SWIFT_EMIT_LOC_STRINGS = YES;
				SWIFT_VERSION = 5.0;
				TARGETED_DEVICE_FAMILY = 1;
			};
			name = Release;
		};
		79F9445B1F77B8487242A388 /* Debug */ = {
			isa = XCBuildConfiguration;
			baseConfigurationReference = 002FCFE18DF6D7C0BDE39F96 /* Pods-DemoTests.debug.xcconfig */;
			buildSettings = {
				BUNDLE_LOADER = "$(TEST_HOST)";
				CLANG_ENABLE_OBJC_WEAK = NO;
				GENERATE_INFOPLIST_FILE = YES;
				IPHONEOS_DEPLOYMENT_TARGET = 13.0;
				PRODUCT_BUNDLE_IDENTIFIER = io.agora.KLyricsDemoTests;
				PRODUCT_MODULE_NAME = "$(PRODUCT_NAME:c99extidentifier)";
				PRODUCT_NAME = "$(TARGET_NAME)";
				SDKROOT = iphoneos;
				SWIFT_VERSION = 5.0;
				TEST_HOST = "$(BUILT_PRODUCTS_DIR)/Demo.app/Demo";
			};
			name = Debug;
		};
		D5B86C13DCD41A7BFDF50A33 /* Release */ = {
			isa = XCBuildConfiguration;
			baseConfigurationReference = 5C749CB052D07703F78DD01A /* Pods-DemoTests.release.xcconfig */;
			buildSettings = {
				BUNDLE_LOADER = "$(TEST_HOST)";
				CLANG_ENABLE_OBJC_WEAK = NO;
				GENERATE_INFOPLIST_FILE = YES;
				IPHONEOS_DEPLOYMENT_TARGET = 13.0;
				PRODUCT_BUNDLE_IDENTIFIER = io.agora.KLyricsDemoTests;
				PRODUCT_MODULE_NAME = "$(PRODUCT_NAME:c99extidentifier)";
				PRODUCT_NAME = "$(TARGET_NAME)";
				SDKROOT = iphoneos;
				SWIFT_VERSION = 5.0;
				TEST_HOST = "$(BUILT_PRODUCTS_DIR)/Demo.app/Demo";
				VALIDATE_PRODUCT = YES;
			};
			name = Release;
		};
/* End XCBuildConfiguration section */

/* Begin XCConfigurationList section */
		260942CE2952B5040022A50D /* Build configuration list for PBXProject "Demo" */ = {
			isa = XCConfigurationList;
			buildConfigurations = (
				260942E52952B5060022A50D /* Debug */,
				260942E62952B5060022A50D /* Release */,
			);
			defaultConfigurationIsVisible = 0;
			defaultConfigurationName = Release;
		};
		260942E72952B5060022A50D /* Build configuration list for PBXNativeTarget "Demo" */ = {
			isa = XCConfigurationList;
			buildConfigurations = (
				260942E82952B5060022A50D /* Debug */,
				260942E92952B5060022A50D /* Release */,
			);
			defaultConfigurationIsVisible = 0;
			defaultConfigurationName = Release;
		};
		4185FEEE47BE3EEA1D428D38 /* Build configuration list for PBXNativeTarget "DemoTests" */ = {
			isa = XCConfigurationList;
			buildConfigurations = (
				D5B86C13DCD41A7BFDF50A33 /* Release */,
				79F9445B1F77B8487242A388 /* Debug */,
			);
			defaultConfigurationIsVisible = 0;
			defaultConfigurationName = Release;
		};
/* End XCConfigurationList section */
	};
	rootObject = 260942CB2952B5040022A50D /* Project object */;
}
